
Microsoft Visual Studio Solution File, Format Version 12.00
# Visual Studio Version 16
VisualStudioVersion = 16.0.32413.511
MinimumVisualStudioVersion = 10.0.40219.1
Project("{8BC9CEB8-8B4A-11D0-8D11-00A0C91BC942}") = "LittleEndian", "LittleEndian\LittleEndian.vcxproj", "{20C66944-B9E4-4B5F-894F-D4980E839978}"
EndProject
Global
	GlobalSection(SolutionConfigurationPlatforms) = preSolution
		Debug|x64 = Debug|x64
		Debug|x86 = Debug|x86
		Release|x64 = Release|x64
		Release|x86 = Release|x86
	EndGlobalSection
	GlobalSection(ProjectConfigurationPlatforms) = postSolution
		{20C66944-B9E4-4B5F-894F-D4980E839978}.Debug|x64.ActiveCfg = Debug|x64
		{20C66944-B9E4-4B5F-894F-D4980E839978}.Debug|x64.Build.0 = Debug|x64
		{20C66944-B9E4-4B5F-894F-D4980E839978}.Debug|x86.ActiveCfg = Debug|Win32
		{20C66944-B9E4-4B5F-894F-D4980E839978}.Debug|x86.Build.0 = Debug|Win32
		{20C66944-B9E4-4B5F-894F-D4980E839978}.Release|x64.ActiveCfg = Release|x64
		{20C66944-B9E4-4B5F-894F-D4980E839978}.Release|x64.Build.0 = Release|x64
		{20C66944-B9E4-4B5F-894F-D4980E839978}.Release|x86.ActiveCfg = Release|Win32
		{20C66944-B9E4-4B5F-894F-D4980E839978}.Release|x86.Build.0 = Release|Win32
	EndGlobalSection
	GlobalSection(SolutionProperties) = preSolution
		HideSolutionNode = FALSE
	EndGlobalSection
	GlobalSection(ExtensibilityGlobals) = postSolution
		SolutionGuid = {50C22C61-ECB8-41A6-AA2F-E3A994042334}
	EndGlobalSection
EndGlobal
