
Microsoft Visual Studio Solution File, Format Version 12.00
# Visual Studio Version 16
VisualStudioVersion = 16.0.31129.286
MinimumVisualStudioVersion = 10.0.40219.1
Project("{FAE04EC0-301F-11D3-BF4B-00C04F79EFBC}") = "wav", "wav.csproj", "{8122C3F4-4A94-4D99-945D-84741804F4C6}"
EndProject
Project("{FAE04EC0-301F-11D3-BF4B-00C04F79EFBC}") = "Playsound", "..\Playsound\Playsound.csproj", "{876C89CF-15F8-48F4-A578-AF30A912CAD5}"
EndProject
Global
	GlobalSection(SolutionConfigurationPlatforms) = preSolution
		Debug|Any CPU = Debug|Any CPU
		Release|Any CPU = Release|Any CPU
	EndGlobalSection
	GlobalSection(ProjectConfigurationPlatforms) = postSolution
		{8122C3F4-4A94-4D99-945D-84741804F4C6}.Debug|Any CPU.ActiveCfg = Debug|Any CPU
		{8122C3F4-4A94-4D99-945D-84741804F4C6}.Debug|Any CPU.Build.0 = Debug|Any CPU
		{8122C3F4-4A94-4D99-945D-84741804F4C6}.Release|Any CPU.ActiveCfg = Release|Any CPU
		{8122C3F4-4A94-4D99-945D-84741804F4C6}.Release|Any CPU.Build.0 = Release|Any CPU
		{876C89CF-15F8-48F4-A578-AF30A912CAD5}.Debug|Any CPU.ActiveCfg = Debug|Any CPU
		{876C89CF-15F8-48F4-A578-AF30A912CAD5}.Debug|Any CPU.Build.0 = Debug|Any CPU
		{876C89CF-15F8-48F4-A578-AF30A912CAD5}.Release|Any CPU.ActiveCfg = Release|Any CPU
		{876C89CF-15F8-48F4-A578-AF30A912CAD5}.Release|Any CPU.Build.0 = Release|Any CPU
	EndGlobalSection
	GlobalSection(SolutionProperties) = preSolution
		HideSolutionNode = FALSE
	EndGlobalSection
	GlobalSection(ExtensibilityGlobals) = postSolution
		SolutionGuid = {437EF608-C1E0-490D-96B8-54B587A88294}
	EndGlobalSection
EndGlobal
